
Microsoft Visual Studio Solution File, Format Version 12.00
# Visual Studio Version 16
VisualStudioVersion = 16.0.28803.156
MinimumVisualStudioVersion = 10.0.40219.1
Project("{9092AA53-FB77-4645-B42D-1CCCA6BD08BD}") = "fresh123ang", "fresh123ang.njsproj", "{FB8400FA-EB18-4B18-AD3A-7121303CE5A8}"
EndProject
Global
	GlobalSection(SolutionConfigurationPlatforms) = preSolution
		Debug|Any CPU = Debug|Any CPU
		Release|Any CPU = Release|Any CPU
	EndGlobalSection
	GlobalSection(ProjectConfigurationPlatforms) = postSolution
		{FB8400FA-EB18-4B18-AD3A-7121303CE5A8}.Debug|Any CPU.ActiveCfg = Debug|Any CPU
		{FB8400FA-EB18-4B18-AD3A-7121303CE5A8}.Debug|Any CPU.Build.0 = Debug|Any CPU
		{FB8400FA-EB18-4B18-AD3A-7121303CE5A8}.Release|Any CPU.ActiveCfg = Release|Any CPU
		{FB8400FA-EB18-4B18-AD3A-7121303CE5A8}.Release|Any CPU.Build.0 = Release|Any CPU
	EndGlobalSection
	GlobalSection(SolutionProperties) = preSolution
		HideSolutionNode = FALSE
	EndGlobalSection
	GlobalSection(ExtensibilityGlobals) = postSolution
		SolutionGuid = {362DD260-E23E-4C94-8550-7F65676D4705}
	EndGlobalSection
EndGlobal
